
Microsoft Visual Studio Solution File, Format Version 12.00
# Visual Studio Version 17
VisualStudioVersion = 17.4.33213.308
MinimumVisualStudioVersion = 10.0.40219.1
Project("{FAE04EC0-301F-11D3-BF4B-00C04F79EFBC}") = "Exercise25", "Exercise25\Exercise25.csproj", "{7E543823-1744-483D-BE56-B3CF2A4CE17B}"
EndProject
Global
	GlobalSection(SolutionConfigurationPlatforms) = preSolution
		Debug|Any CPU = Debug|Any CPU
		Release|Any CPU = Release|Any CPU
	EndGlobalSection
	GlobalSection(ProjectConfigurationPlatforms) = postSolution
		{7E543823-1744-483D-BE56-B3CF2A4CE17B}.Debug|Any CPU.ActiveCfg = Debug|Any CPU
		{7E543823-1744-483D-BE56-B3CF2A4CE17B}.Debug|Any CPU.Build.0 = Debug|Any CPU
		{7E543823-1744-483D-BE56-B3CF2A4CE17B}.Release|Any CPU.ActiveCfg = Release|Any CPU
		{7E543823-1744-483D-BE56-B3CF2A4CE17B}.Release|Any CPU.Build.0 = Release|Any CPU
	EndGlobalSection
	GlobalSection(SolutionProperties) = preSolution
		HideSolutionNode = FALSE
	EndGlobalSection
	GlobalSection(ExtensibilityGlobals) = postSolution
		SolutionGuid = {54283F22-AF2E-49DF-B454-C9999A657850}
	EndGlobalSection
EndGlobal
