
Microsoft Visual Studio Solution File, Format Version 12.00
# Visual Studio Version 17
VisualStudioVersion = 17.4.33213.308
MinimumVisualStudioVersion = 10.0.40219.1
Project("{FAE04EC0-301F-11D3-BF4B-00C04F79EFBC}") = "Excersize10", "Excersize10\Excersize10.csproj", "{F4369BF8-F490-4F27-9E58-74F03D0886F2}"
EndProject
Global
	GlobalSection(SolutionConfigurationPlatforms) = preSolution
		Debug|Any CPU = Debug|Any CPU
		Release|Any CPU = Release|Any CPU
	EndGlobalSection
	GlobalSection(ProjectConfigurationPlatforms) = postSolution
		{F4369BF8-F490-4F27-9E58-74F03D0886F2}.Debug|Any CPU.ActiveCfg = Debug|Any CPU
		{F4369BF8-F490-4F27-9E58-74F03D0886F2}.Debug|Any CPU.Build.0 = Debug|Any CPU
		{F4369BF8-F490-4F27-9E58-74F03D0886F2}.Release|Any CPU.ActiveCfg = Release|Any CPU
		{F4369BF8-F490-4F27-9E58-74F03D0886F2}.Release|Any CPU.Build.0 = Release|Any CPU
	EndGlobalSection
	GlobalSection(SolutionProperties) = preSolution
		HideSolutionNode = FALSE
	EndGlobalSection
	GlobalSection(ExtensibilityGlobals) = postSolution
		SolutionGuid = {C064FCE9-A8D1-4728-AD11-56594E0ABB0B}
	EndGlobalSection
EndGlobal
