
Microsoft Visual Studio Solution File, Format Version 12.00
# Visual Studio Version 17
VisualStudioVersion = 17.4.33213.308
MinimumVisualStudioVersion = 10.0.40219.1
Project("{FAE04EC0-301F-11D3-BF4B-00C04F79EFBC}") = "Exercise22", "Exercise22\Exercise22.csproj", "{D1E7A20E-E097-4C3D-A663-A85FF5700F7E}"
EndProject
Global
	GlobalSection(SolutionConfigurationPlatforms) = preSolution
		Debug|Any CPU = Debug|Any CPU
		Release|Any CPU = Release|Any CPU
	EndGlobalSection
	GlobalSection(ProjectConfigurationPlatforms) = postSolution
		{D1E7A20E-E097-4C3D-A663-A85FF5700F7E}.Debug|Any CPU.ActiveCfg = Debug|Any CPU
		{D1E7A20E-E097-4C3D-A663-A85FF5700F7E}.Debug|Any CPU.Build.0 = Debug|Any CPU
		{D1E7A20E-E097-4C3D-A663-A85FF5700F7E}.Release|Any CPU.ActiveCfg = Release|Any CPU
		{D1E7A20E-E097-4C3D-A663-A85FF5700F7E}.Release|Any CPU.Build.0 = Release|Any CPU
	EndGlobalSection
	GlobalSection(SolutionProperties) = preSolution
		HideSolutionNode = FALSE
	EndGlobalSection
	GlobalSection(ExtensibilityGlobals) = postSolution
		SolutionGuid = {4670AF74-A6DF-453F-AF69-FE7557CD0E2A}
	EndGlobalSection
EndGlobal
