
Microsoft Visual Studio Solution File, Format Version 12.00
# Visual Studio Version 17
VisualStudioVersion = 17.6.33723.286
MinimumVisualStudioVersion = 10.0.40219.1
Project("{9A19103F-16F7-4668-BE54-9A1E7A4F7556}") = "GenericT", "GenericT\GenericT.csproj", "{1F1F0496-B8DF-4FED-86F6-529CE1C799FE}"
EndProject
Project("{FAE04EC0-301F-11D3-BF4B-00C04F79EFBC}") = "GenericTTests", "GenericTTests\GenericTTests.csproj", "{2C88E31F-1078-4D34-A725-3E614D1FA105}"
EndProject
Project("{FAE04EC0-301F-11D3-BF4B-00C04F79EFBC}") = "DummyGenericTests", "DummyGenericTests\DummyGenericTests.csproj", "{4D637840-6954-45F2-B709-288D0DD80B02}"
EndProject
Global
	GlobalSection(SolutionConfigurationPlatforms) = preSolution
		Debug|Any CPU = Debug|Any CPU
		Release|Any CPU = Release|Any CPU
	EndGlobalSection
	GlobalSection(ProjectConfigurationPlatforms) = postSolution
		{1F1F0496-B8DF-4FED-86F6-529CE1C799FE}.Debug|Any CPU.ActiveCfg = Debug|Any CPU
		{1F1F0496-B8DF-4FED-86F6-529CE1C799FE}.Debug|Any CPU.Build.0 = Debug|Any CPU
		{1F1F0496-B8DF-4FED-86F6-529CE1C799FE}.Release|Any CPU.ActiveCfg = Release|Any CPU
		{1F1F0496-B8DF-4FED-86F6-529CE1C799FE}.Release|Any CPU.Build.0 = Release|Any CPU
		{2C88E31F-1078-4D34-A725-3E614D1FA105}.Debug|Any CPU.ActiveCfg = Debug|Any CPU
		{2C88E31F-1078-4D34-A725-3E614D1FA105}.Debug|Any CPU.Build.0 = Debug|Any CPU
		{2C88E31F-1078-4D34-A725-3E614D1FA105}.Release|Any CPU.ActiveCfg = Release|Any CPU
		{2C88E31F-1078-4D34-A725-3E614D1FA105}.Release|Any CPU.Build.0 = Release|Any CPU
		{4D637840-6954-45F2-B709-288D0DD80B02}.Debug|Any CPU.ActiveCfg = Debug|Any CPU
		{4D637840-6954-45F2-B709-288D0DD80B02}.Debug|Any CPU.Build.0 = Debug|Any CPU
		{4D637840-6954-45F2-B709-288D0DD80B02}.Release|Any CPU.ActiveCfg = Release|Any CPU
		{4D637840-6954-45F2-B709-288D0DD80B02}.Release|Any CPU.Build.0 = Release|Any CPU
	EndGlobalSection
	GlobalSection(SolutionProperties) = preSolution
		HideSolutionNode = FALSE
	EndGlobalSection
	GlobalSection(ExtensibilityGlobals) = postSolution
		SolutionGuid = {2C8CD22A-AC2D-47DB-B503-251BF461E68C}
	EndGlobalSection
EndGlobal
