
Microsoft Visual Studio Solution File, Format Version 12.00
# Visual Studio Version 17
VisualStudioVersion = 17.6.33723.286
MinimumVisualStudioVersion = 10.0.40219.1
Project("{FAE04EC0-301F-11D3-BF4B-00C04F79EFBC}") = "ProjectToBeTested", "ProjectToBeTested\ProjectToBeTested.csproj", "{4B430833-9492-4E5D-8A0F-6486796FF093}"
EndProject
Project("{FAE04EC0-301F-11D3-BF4B-00C04F79EFBC}") = "UnitTestProject1", "UnitTestProject1\UnitTestProject1.csproj", "{A3EBB1E7-271B-4037-A07E-E78580FEB464}"
EndProject
Global
	GlobalSection(SolutionConfigurationPlatforms) = preSolution
		Debug|Any CPU = Debug|Any CPU
		Release|Any CPU = Release|Any CPU
	EndGlobalSection
	GlobalSection(ProjectConfigurationPlatforms) = postSolution
		{4B430833-9492-4E5D-8A0F-6486796FF093}.Debug|Any CPU.ActiveCfg = Debug|Any CPU
		{4B430833-9492-4E5D-8A0F-6486796FF093}.Debug|Any CPU.Build.0 = Debug|Any CPU
		{4B430833-9492-4E5D-8A0F-6486796FF093}.Release|Any CPU.ActiveCfg = Release|Any CPU
		{4B430833-9492-4E5D-8A0F-6486796FF093}.Release|Any CPU.Build.0 = Release|Any CPU
		{A3EBB1E7-271B-4037-A07E-E78580FEB464}.Debug|Any CPU.ActiveCfg = Debug|Any CPU
		{A3EBB1E7-271B-4037-A07E-E78580FEB464}.Debug|Any CPU.Build.0 = Debug|Any CPU
		{A3EBB1E7-271B-4037-A07E-E78580FEB464}.Release|Any CPU.ActiveCfg = Release|Any CPU
		{A3EBB1E7-271B-4037-A07E-E78580FEB464}.Release|Any CPU.Build.0 = Release|Any CPU
	EndGlobalSection
	GlobalSection(SolutionProperties) = preSolution
		HideSolutionNode = FALSE
	EndGlobalSection
	GlobalSection(ExtensibilityGlobals) = postSolution
		SolutionGuid = {555CA332-721B-41DE-9E08-04605970D6BA}
	EndGlobalSection
EndGlobal
